
Microsoft Visual Studio Solution File, Format Version 12.00
# Visual Studio 2013
VisualStudioVersion = 12.0.21005.1
MinimumVisualStudioVersion = 10.0.40219.1
Project("{FAE04EC0-301F-11D3-BF4B-00C04F79EFBC}") = "SAAS-AIMS", "SAAS-AIMS\SAAS-AIMS.csproj", "{BFAC7468-23A3-4027-B3DA-4D2EFE659181}"
EndProject
Project("{FAE04EC0-301F-11D3-BF4B-00C04F79EFBC}") = "AIMS.Data.DataContext", "AIMS.Data.DataContext\AIMS.Data.DataContext.csproj", "{04D22395-795F-413F-8CB6-10EAE526B0CC}"
EndProject
Project("{FAE04EC0-301F-11D3-BF4B-00C04F79EFBC}") = "AIMS.Data.DataObjects", "AIMS.Data.DataObjects\AIMS.Data.DataObjects.csproj", "{BC1E8617-ECC2-4D73-814B-DE8A8884C944}"
EndProject
Project("{FAE04EC0-301F-11D3-BF4B-00C04F79EFBC}") = "AIMS.Services", "AIMS.Services\AIMS.Services.csproj", "{9808993F-88F0-427A-988F-4A2B2F5C30DC}"
EndProject
Project("{FAE04EC0-301F-11D3-BF4B-00C04F79EFBC}") = "AIMS.Data.Enums", "AIMS.Data.Enums\AIMS.Data.Enums.csproj", "{F35D2A3B-1FB4-4ECA-818B-B5D800F47E70}"
EndProject
Global
	GlobalSection(SolutionConfigurationPlatforms) = preSolution
		Debug|Any CPU = Debug|Any CPU
		Release|Any CPU = Release|Any CPU
	EndGlobalSection
	GlobalSection(ProjectConfigurationPlatforms) = postSolution
		{BFAC7468-23A3-4027-B3DA-4D2EFE659181}.Debug|Any CPU.ActiveCfg = Debug|Any CPU
		{BFAC7468-23A3-4027-B3DA-4D2EFE659181}.Debug|Any CPU.Build.0 = Debug|Any CPU
		{BFAC7468-23A3-4027-B3DA-4D2EFE659181}.Release|Any CPU.ActiveCfg = Release|Any CPU
		{BFAC7468-23A3-4027-B3DA-4D2EFE659181}.Release|Any CPU.Build.0 = Release|Any CPU
		{04D22395-795F-413F-8CB6-10EAE526B0CC}.Debug|Any CPU.ActiveCfg = Debug|Any CPU
		{04D22395-795F-413F-8CB6-10EAE526B0CC}.Debug|Any CPU.Build.0 = Debug|Any CPU
		{04D22395-795F-413F-8CB6-10EAE526B0CC}.Release|Any CPU.ActiveCfg = Release|Any CPU
		{04D22395-795F-413F-8CB6-10EAE526B0CC}.Release|Any CPU.Build.0 = Release|Any CPU
		{BC1E8617-ECC2-4D73-814B-DE8A8884C944}.Debug|Any CPU.ActiveCfg = Debug|Any CPU
		{BC1E8617-ECC2-4D73-814B-DE8A8884C944}.Debug|Any CPU.Build.0 = Debug|Any CPU
		{BC1E8617-ECC2-4D73-814B-DE8A8884C944}.Release|Any CPU.ActiveCfg = Release|Any CPU
		{BC1E8617-ECC2-4D73-814B-DE8A8884C944}.Release|Any CPU.Build.0 = Release|Any CPU
		{9808993F-88F0-427A-988F-4A2B2F5C30DC}.Debug|Any CPU.ActiveCfg = Debug|Any CPU
		{9808993F-88F0-427A-988F-4A2B2F5C30DC}.Debug|Any CPU.Build.0 = Debug|Any CPU
		{9808993F-88F0-427A-988F-4A2B2F5C30DC}.Release|Any CPU.ActiveCfg = Release|Any CPU
		{9808993F-88F0-427A-988F-4A2B2F5C30DC}.Release|Any CPU.Build.0 = Release|Any CPU
		{F35D2A3B-1FB4-4ECA-818B-B5D800F47E70}.Debug|Any CPU.ActiveCfg = Debug|Any CPU
		{F35D2A3B-1FB4-4ECA-818B-B5D800F47E70}.Debug|Any CPU.Build.0 = Debug|Any CPU
		{F35D2A3B-1FB4-4ECA-818B-B5D800F47E70}.Release|Any CPU.ActiveCfg = Release|Any CPU
		{F35D2A3B-1FB4-4ECA-818B-B5D800F47E70}.Release|Any CPU.Build.0 = Release|Any CPU
	EndGlobalSection
	GlobalSection(SolutionProperties) = preSolution
		HideSolutionNode = FALSE
	EndGlobalSection
EndGlobal
